
Microsoft Visual Studio Solution File, Format Version 12.00
# Visual Studio Version 16
VisualStudioVersion = 16.0.32228.343
MinimumVisualStudioVersion = 10.0.40219.1
Project("{FAE04EC0-301F-11D3-BF4B-00C04F79EFBC}") = "DecoratorPattern", "DecoratorPattern\DecoratorPattern.csproj", "{7BC3CB2E-72AD-486D-97E0-E9B3A91730DD}"
EndProject
Project("{FAE04EC0-301F-11D3-BF4B-00C04F79EFBC}") = "PictureDecorator", "PictureDecorator\PictureDecorator.csproj", "{452AC9DD-2CBE-49E5-ABE8-9CE6FC1ABF4F}"
EndProject
Global
	GlobalSection(SolutionConfigurationPlatforms) = preSolution
		Debug|Any CPU = Debug|Any CPU
		Release|Any CPU = Release|Any CPU
	EndGlobalSection
	GlobalSection(ProjectConfigurationPlatforms) = postSolution
		{7BC3CB2E-72AD-486D-97E0-E9B3A91730DD}.Debug|Any CPU.ActiveCfg = Debug|Any CPU
		{7BC3CB2E-72AD-486D-97E0-E9B3A91730DD}.Debug|Any CPU.Build.0 = Debug|Any CPU
		{7BC3CB2E-72AD-486D-97E0-E9B3A91730DD}.Release|Any CPU.ActiveCfg = Release|Any CPU
		{7BC3CB2E-72AD-486D-97E0-E9B3A91730DD}.Release|Any CPU.Build.0 = Release|Any CPU
		{452AC9DD-2CBE-49E5-ABE8-9CE6FC1ABF4F}.Debug|Any CPU.ActiveCfg = Debug|Any CPU
		{452AC9DD-2CBE-49E5-ABE8-9CE6FC1ABF4F}.Debug|Any CPU.Build.0 = Debug|Any CPU
		{452AC9DD-2CBE-49E5-ABE8-9CE6FC1ABF4F}.Release|Any CPU.ActiveCfg = Release|Any CPU
		{452AC9DD-2CBE-49E5-ABE8-9CE6FC1ABF4F}.Release|Any CPU.Build.0 = Release|Any CPU
	EndGlobalSection
	GlobalSection(SolutionProperties) = preSolution
		HideSolutionNode = FALSE
	EndGlobalSection
	GlobalSection(ExtensibilityGlobals) = postSolution
		SolutionGuid = {CDD20DE4-E577-4266-8797-4C8508DE54B5}
	EndGlobalSection
EndGlobal
